
Microsoft Visual Studio Solution File, Format Version 12.00
# Visual Studio 14
VisualStudioVersion = 14.0.24720.0
MinimumVisualStudioVersion = 10.0.40219.1
Project("{2150E333-8FDC-42A3-9474-1A3956D46DE8}") = "src", "src", "{C4BD0978-BC70-4724-928B-57B571C0D169}"
EndProject
Project("{2150E333-8FDC-42A3-9474-1A3956D46DE8}") = "Solution Items", "Solution Items", "{9009C268-34A2-40FA-8EDF-C6663C348C6E}"
	ProjectSection(SolutionItems) = preProject
		global.json = global.json
	EndProjectSection
EndProject
Project("{8BB2217D-0F2D-49D1-97BC-3654ED321F3B}") = "IdSvrHost", "src\IdSvrHost\IdSvrHost.xproj", "{154CCEDC-CFD5-4B7A-9000-FC454EA86362}"
EndProject
Project("{8BB2217D-0F2D-49D1-97BC-3654ED321F3B}") = "Mvc Implicit", "src\MvcImplicit\Mvc Implicit.xproj", "{05150B7D-54DB-40AB-8BBB-0C34ACC27CE5}"
EndProject
Global
	GlobalSection(SolutionConfigurationPlatforms) = preSolution
		Debug|Any CPU = Debug|Any CPU
		Release|Any CPU = Release|Any CPU
	EndGlobalSection
	GlobalSection(ProjectConfigurationPlatforms) = postSolution
		{154CCEDC-CFD5-4B7A-9000-FC454EA86362}.Debug|Any CPU.ActiveCfg = Debug|Any CPU
		{154CCEDC-CFD5-4B7A-9000-FC454EA86362}.Debug|Any CPU.Build.0 = Debug|Any CPU
		{154CCEDC-CFD5-4B7A-9000-FC454EA86362}.Release|Any CPU.ActiveCfg = Release|Any CPU
		{154CCEDC-CFD5-4B7A-9000-FC454EA86362}.Release|Any CPU.Build.0 = Release|Any CPU
		{05150B7D-54DB-40AB-8BBB-0C34ACC27CE5}.Debug|Any CPU.ActiveCfg = Debug|Any CPU
		{05150B7D-54DB-40AB-8BBB-0C34ACC27CE5}.Debug|Any CPU.Build.0 = Debug|Any CPU
		{05150B7D-54DB-40AB-8BBB-0C34ACC27CE5}.Release|Any CPU.ActiveCfg = Release|Any CPU
		{05150B7D-54DB-40AB-8BBB-0C34ACC27CE5}.Release|Any CPU.Build.0 = Release|Any CPU
		{4EDD0348-E1B3-4783-80B8-4201E6371105}.Debug|Any CPU.ActiveCfg = Debug|Any CPU
		{4EDD0348-E1B3-4783-80B8-4201E6371105}.Debug|Any CPU.Build.0 = Debug|Any CPU
		{4EDD0348-E1B3-4783-80B8-4201E6371105}.Release|Any CPU.ActiveCfg = Release|Any CPU
		{4EDD0348-E1B3-4783-80B8-4201E6371105}.Release|Any CPU.Build.0 = Release|Any CPU
	EndGlobalSection
	GlobalSection(SolutionProperties) = preSolution
		HideSolutionNode = FALSE
	EndGlobalSection
	GlobalSection(NestedProjects) = preSolution
		{154CCEDC-CFD5-4B7A-9000-FC454EA86362} = {C4BD0978-BC70-4724-928B-57B571C0D169}
		{05150B7D-54DB-40AB-8BBB-0C34ACC27CE5} = {C4BD0978-BC70-4724-928B-57B571C0D169}
		{4EDD0348-E1B3-4783-80B8-4201E6371105} = {C4BD0978-BC70-4724-928B-57B571C0D169}
	EndGlobalSection
EndGlobal
